
Microsoft Visual Studio Solution File, Format Version 12.00
# Visual Studio Version 17
VisualStudioVersion = 17.1.32228.430
MinimumVisualStudioVersion = 10.0.40219.1
Project("{9A19103F-16F7-4668-BE54-9A1E7A4F7556}") = "Oca.envios", "Oca-envios-utils\Oca.envios.csproj", "{227FD11A-201D-4EDD-A5C2-2950FC189598}"
EndProject
Project("{9A19103F-16F7-4668-BE54-9A1E7A4F7556}") = "ConsoleAppTest", "ConsoleAppTest\ConsoleAppTest.csproj", "{7D187FBF-6786-40B4-BAA6-FDB6F5AE2F07}"
EndProject
Global
	GlobalSection(SolutionConfigurationPlatforms) = preSolution
		Debug|Any CPU = Debug|Any CPU
		Release|Any CPU = Release|Any CPU
	EndGlobalSection
	GlobalSection(ProjectConfigurationPlatforms) = postSolution
		{227FD11A-201D-4EDD-A5C2-2950FC189598}.Debug|Any CPU.ActiveCfg = Debug|Any CPU
		{227FD11A-201D-4EDD-A5C2-2950FC189598}.Debug|Any CPU.Build.0 = Debug|Any CPU
		{227FD11A-201D-4EDD-A5C2-2950FC189598}.Release|Any CPU.ActiveCfg = Release|Any CPU
		{227FD11A-201D-4EDD-A5C2-2950FC189598}.Release|Any CPU.Build.0 = Release|Any CPU
		{7D187FBF-6786-40B4-BAA6-FDB6F5AE2F07}.Debug|Any CPU.ActiveCfg = Debug|Any CPU
		{7D187FBF-6786-40B4-BAA6-FDB6F5AE2F07}.Debug|Any CPU.Build.0 = Debug|Any CPU
		{7D187FBF-6786-40B4-BAA6-FDB6F5AE2F07}.Release|Any CPU.ActiveCfg = Release|Any CPU
		{7D187FBF-6786-40B4-BAA6-FDB6F5AE2F07}.Release|Any CPU.Build.0 = Release|Any CPU
	EndGlobalSection
	GlobalSection(SolutionProperties) = preSolution
		HideSolutionNode = FALSE
	EndGlobalSection
	GlobalSection(ExtensibilityGlobals) = postSolution
		SolutionGuid = {67A90ADD-9F10-4EC2-8228-86323AA83D96}
	EndGlobalSection
EndGlobal
